
Microsoft Visual Studio Solution File, Format Version 12.00
# Visual Studio Version 16
VisualStudioVersion = 16.0.30114.105
MinimumVisualStudioVersion = 10.0.40219.1
Project("{FAE04EC0-301F-11D3-BF4B-00C04F79EFBC}") = "ISBNLibrary", "ISBNLibrary\ISBNLibrary.csproj", "{DB8D5A7B-CC6B-414F-AD87-EE3B6CE9D54F}"
EndProject
Project("{FAE04EC0-301F-11D3-BF4B-00C04F79EFBC}") = "ShowCase", "ShowCase\ShowCase.csproj", "{11A8744A-FE98-484D-AF29-10D60E17EE3D}"
EndProject
Global
	GlobalSection(SolutionConfigurationPlatforms) = preSolution
		Debug|Any CPU = Debug|Any CPU
		Release|Any CPU = Release|Any CPU
	EndGlobalSection
	GlobalSection(SolutionProperties) = preSolution
		HideSolutionNode = FALSE
	EndGlobalSection
	GlobalSection(ProjectConfigurationPlatforms) = postSolution
		{DB8D5A7B-CC6B-414F-AD87-EE3B6CE9D54F}.Debug|Any CPU.ActiveCfg = Debug|Any CPU
		{DB8D5A7B-CC6B-414F-AD87-EE3B6CE9D54F}.Debug|Any CPU.Build.0 = Debug|Any CPU
		{DB8D5A7B-CC6B-414F-AD87-EE3B6CE9D54F}.Release|Any CPU.ActiveCfg = Release|Any CPU
		{DB8D5A7B-CC6B-414F-AD87-EE3B6CE9D54F}.Release|Any CPU.Build.0 = Release|Any CPU
		{11A8744A-FE98-484D-AF29-10D60E17EE3D}.Debug|Any CPU.ActiveCfg = Debug|Any CPU
		{11A8744A-FE98-484D-AF29-10D60E17EE3D}.Debug|Any CPU.Build.0 = Debug|Any CPU
		{11A8744A-FE98-484D-AF29-10D60E17EE3D}.Release|Any CPU.ActiveCfg = Release|Any CPU
		{11A8744A-FE98-484D-AF29-10D60E17EE3D}.Release|Any CPU.Build.0 = Release|Any CPU
	EndGlobalSection
EndGlobal
